
Microsoft Visual Studio Solution File, Format Version 12.00
# Visual Studio Version 16
VisualStudioVersion = 16.0.32228.343
MinimumVisualStudioVersion = 10.0.40219.1
Project("{FAE04EC0-301F-11D3-BF4B-00C04F79EFBC}") = "TemplateMethod", "TemplateMethod\TemplateMethod.csproj", "{8A34B08B-4579-4E08-8AF4-567511575E6C}"
EndProject
Global
	GlobalSection(SolutionConfigurationPlatforms) = preSolution
		Debug|Any CPU = Debug|Any CPU
		Release|Any CPU = Release|Any CPU
	EndGlobalSection
	GlobalSection(ProjectConfigurationPlatforms) = postSolution
		{8A34B08B-4579-4E08-8AF4-567511575E6C}.Debug|Any CPU.ActiveCfg = Debug|Any CPU
		{8A34B08B-4579-4E08-8AF4-567511575E6C}.Debug|Any CPU.Build.0 = Debug|Any CPU
		{8A34B08B-4579-4E08-8AF4-567511575E6C}.Release|Any CPU.ActiveCfg = Release|Any CPU
		{8A34B08B-4579-4E08-8AF4-567511575E6C}.Release|Any CPU.Build.0 = Release|Any CPU
	EndGlobalSection
	GlobalSection(SolutionProperties) = preSolution
		HideSolutionNode = FALSE
	EndGlobalSection
	GlobalSection(ExtensibilityGlobals) = postSolution
		SolutionGuid = {E1E6AEA0-2177-4EC5-9CC7-305FB0FB6267}
	EndGlobalSection
EndGlobal
